
Microsoft Visual Studio Solution File, Format Version 12.00
# Visual Studio Version 17
VisualStudioVersion = 17.11.35219.272
MinimumVisualStudioVersion = 10.0.40219.1
Project("{9A19103F-16F7-4668-BE54-9A1E7A4F7556}") = "MatrixFFN", "MatrixFFN.csproj", "{8C34C7EF-9756-4EA4-BBD3-2C8F35D24209}"
EndProject
Global
	GlobalSection(SolutionConfigurationPlatforms) = preSolution
		Debug|Any CPU = Debug|Any CPU
		Release|Any CPU = Release|Any CPU
	EndGlobalSection
	GlobalSection(ProjectConfigurationPlatforms) = postSolution
		{8C34C7EF-9756-4EA4-BBD3-2C8F35D24209}.Debug|Any CPU.ActiveCfg = Debug|Any CPU
		{8C34C7EF-9756-4EA4-BBD3-2C8F35D24209}.Debug|Any CPU.Build.0 = Debug|Any CPU
		{8C34C7EF-9756-4EA4-BBD3-2C8F35D24209}.Release|Any CPU.ActiveCfg = Release|Any CPU
		{8C34C7EF-9756-4EA4-BBD3-2C8F35D24209}.Release|Any CPU.Build.0 = Release|Any CPU
	EndGlobalSection
	GlobalSection(SolutionProperties) = preSolution
		HideSolutionNode = FALSE
	EndGlobalSection
	GlobalSection(ExtensibilityGlobals) = postSolution
		SolutionGuid = {107019D1-1067-4AB4-99C8-C038B4419EF2}
	EndGlobalSection
EndGlobal
